<Solution>
  <Folder Name="/Core/">
    <Project Path="Core/ETicaret.Application/ETicaret.Application.csproj" />
    <Project Path="Core/ETicaret.Domain/ETicaret.Domain.csproj" />
    <Project Path="Core/ETicaret.Mapper/ETicaret.Mapper.csproj" Id="816bdf16-3990-4345-9b92-19716c53dafb" />
  </Folder>
  <Folder Name="/Infrastructure/">
    <Project Path="Infrastructor/ETicaret.Infrastructor/ETicaret.Infrastructure.csproj" />
    <Project Path="Infrastructor/ETicaret.Persistence/ETicaret.Persistence.csproj" />
  </Folder>
  <Folder Name="/Presentation/">
    <Project Path="Presentation/ETicaret.API/ETicaret.API.csproj" />
  </Folder>
</Solution>
